
Microsoft Visual Studio Solution File, Format Version 12.00
# Visual Studio Version 16
VisualStudioVersion = 16.0.30804.86
MinimumVisualStudioVersion = 10.0.40219.1
Project("{FAE04EC0-301F-11D3-BF4B-00C04F79EFBC}") = "Solo", "Solo.csproj", "{2E6BC488-4494-4800-99FE-E62727357175}"
EndProject
Global
	GlobalSection(SolutionConfigurationPlatforms) = preSolution
		Debug|Any CPU = Debug|Any CPU
		Release|Any CPU = Release|Any CPU
	EndGlobalSection
	GlobalSection(ProjectConfigurationPlatforms) = postSolution
		{2E6BC488-4494-4800-99FE-E62727357175}.Debug|Any CPU.ActiveCfg = Debug|Any CPU
		{2E6BC488-4494-4800-99FE-E62727357175}.Debug|Any CPU.Build.0 = Debug|Any CPU
		{2E6BC488-4494-4800-99FE-E62727357175}.Release|Any CPU.ActiveCfg = Release|Any CPU
		{2E6BC488-4494-4800-99FE-E62727357175}.Release|Any CPU.Build.0 = Release|Any CPU
	EndGlobalSection
	GlobalSection(SolutionProperties) = preSolution
		HideSolutionNode = FALSE
	EndGlobalSection
	GlobalSection(ExtensibilityGlobals) = postSolution
		SolutionGuid = {F6C5CD65-CA8C-4449-8ECF-3730FFE36047}
	EndGlobalSection
EndGlobal
